{
  "name": "aibox-arduino",
  "version": "1.0.0",
  "lockfileVersion": 1,
  "requires": true,
  "dependencies": {
    "async-threading": {
      "version": "1.0.2",
      "resolved": "https://registry.npmjs.org/async-threading/-/async-threading-1.0.2.tgz",
      "integrity": "sha512-4yOwnZ6X6FbGPskEMWfUC2KOy2gB3V65nV4v1U2mJLP1ffomkpMuw8U2BRZU3oqjzkC7QKX5qAbr1OhYxV7aVw=="
    },
    "fs": {
      "version": "0.0.1-security",
      "resolved": "https://registry.npmjs.org/fs/-/fs-0.0.1-security.tgz",
      "integrity": "sha1-invTcYa23d84E/I4WLV+yq9eQdQ="
    },
    "grapejuice": {
      "version": "0.1.5",
      "resolved": "https://registry.npmjs.org/grapejuice/-/grapejuice-0.1.5.tgz",
      "integrity": "sha512-Nmp7zmQPomVVG6gUY+cW49xLB0WOFCLKJSmwL6rsd70arIptiMeQ6D+GHIZOc+/96QjLIjj5YLshMjCYLsdGFw==",
      "requires": {
        "async-threading": "^1.0.2",
        "fs": "0.0.1-security",
        "readline-sync": "^1.4.9"
      }
    },
    "readline-sync": {
      "version": "1.4.9",
      "resolved": "https://registry.npmjs.org/readline-sync/-/readline-sync-1.4.9.tgz",
      "integrity": "sha1-PtqOZfI80qF+YTAbHwADOWr17No="
    }
  }
}
